
Microsoft Visual Studio Solution File, Format Version 12.00
# Visual Studio Version 17
VisualStudioVersion = 17.5.33502.453
MinimumVisualStudioVersion = 10.0.40219.1
Project("{FAE04EC0-301F-11D3-BF4B-00C04F79EFBC}") = "mvvm_1_marzec_2023.Android", "mvvm_1_marzec_2023.Android\mvvm_1_marzec_2023.Android.csproj", "{2D792812-AA2E-4CB1-8E2D-31A02F9384A9}"
EndProject
Project("{FAE04EC0-301F-11D3-BF4B-00C04F79EFBC}") = "mvvm_1_marzec_2023.iOS", "mvvm_1_marzec_2023.iOS\mvvm_1_marzec_2023.iOS.csproj", "{AFD68F17-A551-48AF-A4A5-75B8F9FBCD52}"
EndProject
Project("{FAE04EC0-301F-11D3-BF4B-00C04F79EFBC}") = "mvvm_1_marzec_2023", "mvvm_1_marzec_2023\mvvm_1_marzec_2023.csproj", "{77EED6E7-F508-461C-A736-A36E0B4EF880}"
EndProject
Global
	GlobalSection(SolutionConfigurationPlatforms) = preSolution
		Debug|Any CPU = Debug|Any CPU
		Debug|iPhone = Debug|iPhone
		Debug|iPhoneSimulator = Debug|iPhoneSimulator
		Release|Any CPU = Release|Any CPU
		Release|iPhone = Release|iPhone
		Release|iPhoneSimulator = Release|iPhoneSimulator
	EndGlobalSection
	GlobalSection(ProjectConfigurationPlatforms) = postSolution
		{2D792812-AA2E-4CB1-8E2D-31A02F9384A9}.Debug|Any CPU.ActiveCfg = Debug|Any CPU
		{2D792812-AA2E-4CB1-8E2D-31A02F9384A9}.Debug|Any CPU.Build.0 = Debug|Any CPU
		{2D792812-AA2E-4CB1-8E2D-31A02F9384A9}.Debug|Any CPU.Deploy.0 = Debug|Any CPU
		{2D792812-AA2E-4CB1-8E2D-31A02F9384A9}.Debug|iPhone.ActiveCfg = Debug|Any CPU
		{2D792812-AA2E-4CB1-8E2D-31A02F9384A9}.Debug|iPhone.Build.0 = Debug|Any CPU
		{2D792812-AA2E-4CB1-8E2D-31A02F9384A9}.Debug|iPhone.Deploy.0 = Debug|Any CPU
		{2D792812-AA2E-4CB1-8E2D-31A02F9384A9}.Debug|iPhoneSimulator.ActiveCfg = Debug|Any CPU
		{2D792812-AA2E-4CB1-8E2D-31A02F9384A9}.Debug|iPhoneSimulator.Build.0 = Debug|Any CPU
		{2D792812-AA2E-4CB1-8E2D-31A02F9384A9}.Debug|iPhoneSimulator.Deploy.0 = Debug|Any CPU
		{2D792812-AA2E-4CB1-8E2D-31A02F9384A9}.Release|Any CPU.ActiveCfg = Release|Any CPU
		{2D792812-AA2E-4CB1-8E2D-31A02F9384A9}.Release|Any CPU.Build.0 = Release|Any CPU
		{2D792812-AA2E-4CB1-8E2D-31A02F9384A9}.Release|Any CPU.Deploy.0 = Release|Any CPU
		{2D792812-AA2E-4CB1-8E2D-31A02F9384A9}.Release|iPhone.ActiveCfg = Release|Any CPU
		{2D792812-AA2E-4CB1-8E2D-31A02F9384A9}.Release|iPhone.Build.0 = Release|Any CPU
		{2D792812-AA2E-4CB1-8E2D-31A02F9384A9}.Release|iPhone.Deploy.0 = Release|Any CPU
		{2D792812-AA2E-4CB1-8E2D-31A02F9384A9}.Release|iPhoneSimulator.ActiveCfg = Release|Any CPU
		{2D792812-AA2E-4CB1-8E2D-31A02F9384A9}.Release|iPhoneSimulator.Build.0 = Release|Any CPU
		{2D792812-AA2E-4CB1-8E2D-31A02F9384A9}.Release|iPhoneSimulator.Deploy.0 = Release|Any CPU
		{AFD68F17-A551-48AF-A4A5-75B8F9FBCD52}.Debug|Any CPU.ActiveCfg = Debug|iPhone
		{AFD68F17-A551-48AF-A4A5-75B8F9FBCD52}.Debug|Any CPU.Build.0 = Debug|iPhone
		{AFD68F17-A551-48AF-A4A5-75B8F9FBCD52}.Debug|Any CPU.Deploy.0 = Debug|iPhone
		{AFD68F17-A551-48AF-A4A5-75B8F9FBCD52}.Debug|iPhone.ActiveCfg = Debug|iPhone
		{AFD68F17-A551-48AF-A4A5-75B8F9FBCD52}.Debug|iPhone.Build.0 = Debug|iPhone
		{AFD68F17-A551-48AF-A4A5-75B8F9FBCD52}.Debug|iPhone.Deploy.0 = Debug|iPhone
		{AFD68F17-A551-48AF-A4A5-75B8F9FBCD52}.Debug|iPhoneSimulator.ActiveCfg = Debug|iPhoneSimulator
		{AFD68F17-A551-48AF-A4A5-75B8F9FBCD52}.Debug|iPhoneSimulator.Build.0 = Debug|iPhoneSimulator
		{AFD68F17-A551-48AF-A4A5-75B8F9FBCD52}.Debug|iPhoneSimulator.Deploy.0 = Debug|iPhoneSimulator
		{AFD68F17-A551-48AF-A4A5-75B8F9FBCD52}.Release|Any CPU.ActiveCfg = Release|iPhoneSimulator
		{AFD68F17-A551-48AF-A4A5-75B8F9FBCD52}.Release|Any CPU.Build.0 = Release|iPhoneSimulator
		{AFD68F17-A551-48AF-A4A5-75B8F9FBCD52}.Release|Any CPU.Deploy.0 = Release|iPhoneSimulator
		{AFD68F17-A551-48AF-A4A5-75B8F9FBCD52}.Release|iPhone.ActiveCfg = Release|iPhone
		{AFD68F17-A551-48AF-A4A5-75B8F9FBCD52}.Release|iPhone.Build.0 = Release|iPhone
		{AFD68F17-A551-48AF-A4A5-75B8F9FBCD52}.Release|iPhone.Deploy.0 = Release|iPhone
		{AFD68F17-A551-48AF-A4A5-75B8F9FBCD52}.Release|iPhoneSimulator.ActiveCfg = Release|iPhoneSimulator
		{AFD68F17-A551-48AF-A4A5-75B8F9FBCD52}.Release|iPhoneSimulator.Build.0 = Release|iPhoneSimulator
		{AFD68F17-A551-48AF-A4A5-75B8F9FBCD52}.Release|iPhoneSimulator.Deploy.0 = Release|iPhoneSimulator
		{77EED6E7-F508-461C-A736-A36E0B4EF880}.Debug|Any CPU.ActiveCfg = Debug|Any CPU
		{77EED6E7-F508-461C-A736-A36E0B4EF880}.Debug|Any CPU.Build.0 = Debug|Any CPU
		{77EED6E7-F508-461C-A736-A36E0B4EF880}.Debug|Any CPU.Deploy.0 = Debug|Any CPU
		{77EED6E7-F508-461C-A736-A36E0B4EF880}.Debug|iPhone.ActiveCfg = Debug|Any CPU
		{77EED6E7-F508-461C-A736-A36E0B4EF880}.Debug|iPhone.Build.0 = Debug|Any CPU
		{77EED6E7-F508-461C-A736-A36E0B4EF880}.Debug|iPhone.Deploy.0 = Debug|Any CPU
		{77EED6E7-F508-461C-A736-A36E0B4EF880}.Debug|iPhoneSimulator.ActiveCfg = Debug|Any CPU
		{77EED6E7-F508-461C-A736-A36E0B4EF880}.Debug|iPhoneSimulator.Build.0 = Debug|Any CPU
		{77EED6E7-F508-461C-A736-A36E0B4EF880}.Debug|iPhoneSimulator.Deploy.0 = Debug|Any CPU
		{77EED6E7-F508-461C-A736-A36E0B4EF880}.Release|Any CPU.ActiveCfg = Release|Any CPU
		{77EED6E7-F508-461C-A736-A36E0B4EF880}.Release|Any CPU.Build.0 = Release|Any CPU
		{77EED6E7-F508-461C-A736-A36E0B4EF880}.Release|Any CPU.Deploy.0 = Release|Any CPU
		{77EED6E7-F508-461C-A736-A36E0B4EF880}.Release|iPhone.ActiveCfg = Release|Any CPU
		{77EED6E7-F508-461C-A736-A36E0B4EF880}.Release|iPhone.Build.0 = Release|Any CPU
		{77EED6E7-F508-461C-A736-A36E0B4EF880}.Release|iPhone.Deploy.0 = Release|Any CPU
		{77EED6E7-F508-461C-A736-A36E0B4EF880}.Release|iPhoneSimulator.ActiveCfg = Release|Any CPU
		{77EED6E7-F508-461C-A736-A36E0B4EF880}.Release|iPhoneSimulator.Build.0 = Release|Any CPU
		{77EED6E7-F508-461C-A736-A36E0B4EF880}.Release|iPhoneSimulator.Deploy.0 = Release|Any CPU
	EndGlobalSection
	GlobalSection(SolutionProperties) = preSolution
		HideSolutionNode = FALSE
	EndGlobalSection
	GlobalSection(ExtensibilityGlobals) = postSolution
		SolutionGuid = {BEBB91C0-2055-4378-9B7F-A65F9B885B0D}
	EndGlobalSection
EndGlobal
