
Microsoft Visual Studio Solution File, Format Version 12.00
# Visual Studio Version 17
VisualStudioVersion = 17.3.32825.248
MinimumVisualStudioVersion = 10.0.40219.1
Project("{FAE04EC0-301F-11D3-BF4B-00C04F79EFBC}") = "kartkowka_mobilne_1_1.Android", "kartkowka_mobilne_1_1.Android\kartkowka_mobilne_1_1.Android.csproj", "{4CE655E8-9F21-42A8-955C-97DC95760B81}"
EndProject
Project("{FAE04EC0-301F-11D3-BF4B-00C04F79EFBC}") = "kartkowka_mobilne_1_1.iOS", "kartkowka_mobilne_1_1.iOS\kartkowka_mobilne_1_1.iOS.csproj", "{58B8D16F-0E8D-4906-A302-EEB2ECE1E862}"
EndProject
Project("{FAE04EC0-301F-11D3-BF4B-00C04F79EFBC}") = "kartkowka_mobilne_1_1", "kartkowka_mobilne_1_1\kartkowka_mobilne_1_1.csproj", "{8FB3F8F6-9CB9-4ECB-BD8D-772A1F6E580D}"
EndProject
Global
	GlobalSection(SolutionConfigurationPlatforms) = preSolution
		Debug|Any CPU = Debug|Any CPU
		Debug|iPhone = Debug|iPhone
		Debug|iPhoneSimulator = Debug|iPhoneSimulator
		Release|Any CPU = Release|Any CPU
		Release|iPhone = Release|iPhone
		Release|iPhoneSimulator = Release|iPhoneSimulator
	EndGlobalSection
	GlobalSection(ProjectConfigurationPlatforms) = postSolution
		{4CE655E8-9F21-42A8-955C-97DC95760B81}.Debug|Any CPU.ActiveCfg = Debug|Any CPU
		{4CE655E8-9F21-42A8-955C-97DC95760B81}.Debug|Any CPU.Build.0 = Debug|Any CPU
		{4CE655E8-9F21-42A8-955C-97DC95760B81}.Debug|Any CPU.Deploy.0 = Debug|Any CPU
		{4CE655E8-9F21-42A8-955C-97DC95760B81}.Debug|iPhone.ActiveCfg = Debug|Any CPU
		{4CE655E8-9F21-42A8-955C-97DC95760B81}.Debug|iPhone.Build.0 = Debug|Any CPU
		{4CE655E8-9F21-42A8-955C-97DC95760B81}.Debug|iPhone.Deploy.0 = Debug|Any CPU
		{4CE655E8-9F21-42A8-955C-97DC95760B81}.Debug|iPhoneSimulator.ActiveCfg = Debug|Any CPU
		{4CE655E8-9F21-42A8-955C-97DC95760B81}.Debug|iPhoneSimulator.Build.0 = Debug|Any CPU
		{4CE655E8-9F21-42A8-955C-97DC95760B81}.Debug|iPhoneSimulator.Deploy.0 = Debug|Any CPU
		{4CE655E8-9F21-42A8-955C-97DC95760B81}.Release|Any CPU.ActiveCfg = Release|Any CPU
		{4CE655E8-9F21-42A8-955C-97DC95760B81}.Release|Any CPU.Build.0 = Release|Any CPU
		{4CE655E8-9F21-42A8-955C-97DC95760B81}.Release|Any CPU.Deploy.0 = Release|Any CPU
		{4CE655E8-9F21-42A8-955C-97DC95760B81}.Release|iPhone.ActiveCfg = Release|Any CPU
		{4CE655E8-9F21-42A8-955C-97DC95760B81}.Release|iPhone.Build.0 = Release|Any CPU
		{4CE655E8-9F21-42A8-955C-97DC95760B81}.Release|iPhone.Deploy.0 = Release|Any CPU
		{4CE655E8-9F21-42A8-955C-97DC95760B81}.Release|iPhoneSimulator.ActiveCfg = Release|Any CPU
		{4CE655E8-9F21-42A8-955C-97DC95760B81}.Release|iPhoneSimulator.Build.0 = Release|Any CPU
		{4CE655E8-9F21-42A8-955C-97DC95760B81}.Release|iPhoneSimulator.Deploy.0 = Release|Any CPU
		{58B8D16F-0E8D-4906-A302-EEB2ECE1E862}.Debug|Any CPU.ActiveCfg = Debug|iPhone
		{58B8D16F-0E8D-4906-A302-EEB2ECE1E862}.Debug|Any CPU.Build.0 = Debug|iPhone
		{58B8D16F-0E8D-4906-A302-EEB2ECE1E862}.Debug|Any CPU.Deploy.0 = Debug|iPhone
		{58B8D16F-0E8D-4906-A302-EEB2ECE1E862}.Debug|iPhone.ActiveCfg = Debug|iPhone
		{58B8D16F-0E8D-4906-A302-EEB2ECE1E862}.Debug|iPhone.Build.0 = Debug|iPhone
		{58B8D16F-0E8D-4906-A302-EEB2ECE1E862}.Debug|iPhone.Deploy.0 = Debug|iPhone
		{58B8D16F-0E8D-4906-A302-EEB2ECE1E862}.Debug|iPhoneSimulator.ActiveCfg = Debug|iPhoneSimulator
		{58B8D16F-0E8D-4906-A302-EEB2ECE1E862}.Debug|iPhoneSimulator.Build.0 = Debug|iPhoneSimulator
		{58B8D16F-0E8D-4906-A302-EEB2ECE1E862}.Debug|iPhoneSimulator.Deploy.0 = Debug|iPhoneSimulator
		{58B8D16F-0E8D-4906-A302-EEB2ECE1E862}.Release|Any CPU.ActiveCfg = Release|iPhoneSimulator
		{58B8D16F-0E8D-4906-A302-EEB2ECE1E862}.Release|Any CPU.Build.0 = Release|iPhoneSimulator
		{58B8D16F-0E8D-4906-A302-EEB2ECE1E862}.Release|Any CPU.Deploy.0 = Release|iPhoneSimulator
		{58B8D16F-0E8D-4906-A302-EEB2ECE1E862}.Release|iPhone.ActiveCfg = Release|iPhone
		{58B8D16F-0E8D-4906-A302-EEB2ECE1E862}.Release|iPhone.Build.0 = Release|iPhone
		{58B8D16F-0E8D-4906-A302-EEB2ECE1E862}.Release|iPhone.Deploy.0 = Release|iPhone
		{58B8D16F-0E8D-4906-A302-EEB2ECE1E862}.Release|iPhoneSimulator.ActiveCfg = Release|iPhoneSimulator
		{58B8D16F-0E8D-4906-A302-EEB2ECE1E862}.Release|iPhoneSimulator.Build.0 = Release|iPhoneSimulator
		{58B8D16F-0E8D-4906-A302-EEB2ECE1E862}.Release|iPhoneSimulator.Deploy.0 = Release|iPhoneSimulator
		{8FB3F8F6-9CB9-4ECB-BD8D-772A1F6E580D}.Debug|Any CPU.ActiveCfg = Debug|Any CPU
		{8FB3F8F6-9CB9-4ECB-BD8D-772A1F6E580D}.Debug|Any CPU.Build.0 = Debug|Any CPU
		{8FB3F8F6-9CB9-4ECB-BD8D-772A1F6E580D}.Debug|Any CPU.Deploy.0 = Debug|Any CPU
		{8FB3F8F6-9CB9-4ECB-BD8D-772A1F6E580D}.Debug|iPhone.ActiveCfg = Debug|Any CPU
		{8FB3F8F6-9CB9-4ECB-BD8D-772A1F6E580D}.Debug|iPhone.Build.0 = Debug|Any CPU
		{8FB3F8F6-9CB9-4ECB-BD8D-772A1F6E580D}.Debug|iPhone.Deploy.0 = Debug|Any CPU
		{8FB3F8F6-9CB9-4ECB-BD8D-772A1F6E580D}.Debug|iPhoneSimulator.ActiveCfg = Debug|Any CPU
		{8FB3F8F6-9CB9-4ECB-BD8D-772A1F6E580D}.Debug|iPhoneSimulator.Build.0 = Debug|Any CPU
		{8FB3F8F6-9CB9-4ECB-BD8D-772A1F6E580D}.Debug|iPhoneSimulator.Deploy.0 = Debug|Any CPU
		{8FB3F8F6-9CB9-4ECB-BD8D-772A1F6E580D}.Release|Any CPU.ActiveCfg = Release|Any CPU
		{8FB3F8F6-9CB9-4ECB-BD8D-772A1F6E580D}.Release|Any CPU.Build.0 = Release|Any CPU
		{8FB3F8F6-9CB9-4ECB-BD8D-772A1F6E580D}.Release|Any CPU.Deploy.0 = Release|Any CPU
		{8FB3F8F6-9CB9-4ECB-BD8D-772A1F6E580D}.Release|iPhone.ActiveCfg = Release|Any CPU
		{8FB3F8F6-9CB9-4ECB-BD8D-772A1F6E580D}.Release|iPhone.Build.0 = Release|Any CPU
		{8FB3F8F6-9CB9-4ECB-BD8D-772A1F6E580D}.Release|iPhone.Deploy.0 = Release|Any CPU
		{8FB3F8F6-9CB9-4ECB-BD8D-772A1F6E580D}.Release|iPhoneSimulator.ActiveCfg = Release|Any CPU
		{8FB3F8F6-9CB9-4ECB-BD8D-772A1F6E580D}.Release|iPhoneSimulator.Build.0 = Release|Any CPU
		{8FB3F8F6-9CB9-4ECB-BD8D-772A1F6E580D}.Release|iPhoneSimulator.Deploy.0 = Release|Any CPU
	EndGlobalSection
	GlobalSection(SolutionProperties) = preSolution
		HideSolutionNode = FALSE
	EndGlobalSection
	GlobalSection(ExtensibilityGlobals) = postSolution
		SolutionGuid = {0626EE3C-0BB5-4716-8360-F18D83D030C0}
	EndGlobalSection
EndGlobal
